// !$*UTF8*$!
{
	archiveVersion = 1;
	classes = {
	};
	objectVersion = 46;
	objects = {

/* Begin PBXBuildFile section */
		F76B4D191DF83B1F00B82A44 /* AppDelegate.swift in Sources */ = {isa = PBXBuildFile; fileRef = F76B4D181DF83B1F00B82A44 /* AppDelegate.swift */; };
		F76B4D1B1DF83B1F00B82A44 /* LoginVC.swift in Sources */ = {isa = PBXBuildFile; fileRef = F76B4D1A1DF83B1F00B82A44 /* LoginVC.swift */; };
		F76B4D1E1DF83B1F00B82A44 /* Main.storyboard in Resources */ = {isa = PBXBuildFile; fileRef = F76B4D1C1DF83B1F00B82A44 /* Main.storyboard */; };
		F76B4D201DF83B1F00B82A44 /* Assets.xcassets in Resources */ = {isa = PBXBuildFile; fileRef = F76B4D1F1DF83B1F00B82A44 /* Assets.xcassets */; };
		F76B4D231DF83B1F00B82A44 /* LaunchScreen.storyboard in Resources */ = {isa = PBXBuildFile; fileRef = F76B4D211DF83B1F00B82A44 /* LaunchScreen.storyboard */; };
		F78B0F1B1DF937C300219CDA /* PlaySongVC.swift in Sources */ = {isa = PBXBuildFile; fileRef = F78B0F1A1DF937C300219CDA /* PlaySongVC.swift */; };
		F7C9D8131DF9268C0020D382 /* MusicLisstVC.swift in Sources */ = {isa = PBXBuildFile; fileRef = F7C9D8121DF9268C0020D382 /* MusicLisstVC.swift */; };
/* End PBXBuildFile section */

/* Begin PBXFileReference section */
		F76B4D151DF83B1F00B82A44 /* SwapScreen.app */ = {isa = PBXFileReference; explicitFileType = wrapper.application; includeInIndex = 0; path = SwapScreen.app; sourceTree = BUILT_PRODUCTS_DIR; };
		F76B4D181DF83B1F00B82A44 /* AppDelegate.swift */ = {isa = PBXFileReference; lastKnownFileType = sourcecode.swift; path = AppDelegate.swift; sourceTree = "<group>"; };
		F76B4D1A1DF83B1F00B82A44 /* LoginVC.swift */ = {isa = PBXFileReference; lastKnownFileType = sourcecode.swift; path = LoginVC.swift; sourceTree = "<group>"; };
		F76B4D1D1DF83B1F00B82A44 /* Base */ = {isa = PBXFileReference; lastKnownFileType = file.storyboard; name = Base; path = Base.lproj/Main.storyboard; sourceTree = "<group>"; };
		F76B4D1F1DF83B1F00B82A44 /* Assets.xcassets */ = {isa = PBXFileReference; lastKnownFileType = folder.assetcatalog; path = Assets.xcassets; sourceTree = "<group>"; };
		F76B4D221DF83B1F00B82A44 /* Base */ = {isa = PBXFileReference; lastKnownFileType = file.storyboard; name = Base; path = Base.lproj/LaunchScreen.storyboard; sourceTree = "<group>"; };
		F76B4D241DF83B1F00B82A44 /* Info.plist */ = {isa = PBXFileReference; lastKnownFileType = text.plist.xml; path = Info.plist; sourceTree = "<group>"; };
		F78B0F1A1DF937C300219CDA /* PlaySongVC.swift */ = {isa = PBXFileReference; fileEncoding = 4; lastKnownFileType = sourcecode.swift; path = PlaySongVC.swift; sourceTree = "<group>"; };
		F7C9D8121DF9268C0020D382 /* MusicLisstVC.swift */ = {isa = PBXFileReference; fileEncoding = 4; lastKnownFileType = sourcecode.swift; path = MusicLisstVC.swift; sourceTree = "<group>"; };
/* End PBXFileReference section */

/* Begin PBXFrameworksBuildPhase section */
		F76B4D121DF83B1E00B82A44 /* Frameworks */ = {
			isa = PBXFrameworksBuildPhase;
			buildActionMask = 2147483647;
			files = (
			);
			runOnlyForDeploymentPostprocessing = 0;
		};
/* End PBXFrameworksBuildPhase section */

/* Begin PBXGroup section */
		F76B4D0C1DF83B1E00B82A44 = {
			isa = PBXGroup;
			children = (
				F76B4D171DF83B1F00B82A44 /* SwapScreen */,
				F76B4D161DF83B1F00B82A44 /* Products */,
			);
			sourceTree = "<group>";
		};
		F76B4D161DF83B1F00B82A44 /* Products */ = {
			isa = PBXGroup;
			children = (
				F76B4D151DF83B1F00B82A44 /* SwapScreen.app */,
			);
			name = Products;
			sourceTree = "<group>";
		};
		F76B4D171DF83B1F00B82A44 /* SwapScreen */ = {
			isa = PBXGroup;
			children = (
				F76B4D181DF83B1F00B82A44 /* AppDelegate.swift */,
				F76B4D1A1DF83B1F00B82A44 /* LoginVC.swift */,
				F7C9D8121DF9268C0020D382 /* MusicLisstVC.swift */,
				F78B0F1A1DF937C300219CDA /* PlaySongVC.swift */,
				F76B4D1C1DF83B1F00B82A44 /* Main.storyboard */,
				F76B4D1F1DF83B1F00B82A44 /* Assets.xcassets */,
				F76B4D211DF83B1F00B82A44 /* LaunchScreen.storyboard */,
				F76B4D241DF83B1F00B82A44 /* Info.plist */,
			);
			path = SwapScreen;
			sourceTree = "<group>";
		};
/* End PBXGroup section */

/* Begin PBXNativeTarget section */
		F76B4D141DF83B1E00B82A44 /* SwapScreen */ = {
			isa = PBXNativeTarget;
			buildConfigurationList = F76B4D271DF83B1F00B82A44 /* Build configuration list for PBXNativeTarget "SwapScreen" */;
			buildPhases = (
				F76B4D111DF83B1E00B82A44 /* Sources */,
				F76B4D121DF83B1E00B82A44 /* Frameworks */,
				F76B4D131DF83B1E00B82A44 /* Resources */,
			);
			buildRules = (
			);
			dependencies = (
			);
			name = SwapScreen;
			productName = SwapScreen;
			productReference = F76B4D151DF83B1F00B82A44 /* SwapScreen.app */;
			productType = "com.apple.product-type.application";
		};
/* End PBXNativeTarget section */

/* Begin PBXProject section */
		F76B4D0D1DF83B1E00B82A44 /* Project object */ = {
			isa = PBXProject;
			attributes = {
				LastSwiftUpdateCheck = 0810;
				LastUpgradeCheck = 0810;
				ORGANIZATIONNAME = "Spencer Forrest";
				TargetAttributes = {
					F76B4D141DF83B1E00B82A44 = {
						CreatedOnToolsVersion = 8.1;
						DevelopmentTeam = HT9N5JEKMU;
						ProvisioningStyle = Automatic;
					};
				};
			};
			buildConfigurationList = F76B4D101DF83B1E00B82A44 /* Build configuration list for PBXProject "SwapScreen" */;
			compatibilityVersion = "Xcode 3.2";
			developmentRegion = English;
			hasScannedForEncodings = 0;
			knownRegions = (
				en,
				Base,
			);
			mainGroup = F76B4D0C1DF83B1E00B82A44;
			productRefGroup = F76B4D161DF83B1F00B82A44 /* Products */;
			projectDirPath = "";
			projectRoot = "";
			targets = (
				F76B4D141DF83B1E00B82A44 /* SwapScreen */,
			);
		};
/* End PBXProject section */

/* Begin PBXResourcesBuildPhase section */
		F76B4D131DF83B1E00B82A44 /* Resources */ = {
			isa = PBXResourcesBuildPhase;
			buildActionMask = 2147483647;
			files = (
				F76B4D231DF83B1F00B82A44 /* LaunchScreen.storyboard in Resources */,
				F76B4D201DF83B1F00B82A44 /* Assets.xcassets in Resources */,
				F76B4D1E1DF83B1F00B82A44 /* Main.storyboard in Resources */,
			);
			runOnlyForDeploymentPostprocessing = 0;
		};
/* End PBXResourcesBuildPhase section */

/* Begin PBXSourcesBuildPhase section */
		F76B4D111DF83B1E00B82A44 /* Sources */ = {
			isa = PBXSourcesBuildPhase;
			buildActionMask = 2147483647;
			files = (
				F7C9D8131DF9268C0020D382 /* MusicLisstVC.swift in Sources */,
				F78B0F1B1DF937C300219CDA /* PlaySongVC.swift in Sources */,
				F76B4D1B1DF83B1F00B82A44 /* LoginVC.swift in Sources */,
				F76B4D191DF83B1F00B82A44 /* AppDelegate.swift in Sources */,
			);
			runOnlyForDeploymentPostprocessing = 0;
		};
/* End PBXSourcesBuildPhase section */

/* Begin PBXVariantGroup section */
		F76B4D1C1DF83B1F00B82A44 /* Main.storyboard */ = {
			isa = PBXVariantGroup;
			children = (
				F76B4D1D1DF83B1F00B82A44 /* Base */,
			);
			name = Main.storyboard;
			sourceTree = "<group>";
		};
		F76B4D211DF83B1F00B82A44 /* LaunchScreen.storyboard */ = {
			isa = PBXVariantGroup;
			children = (
				F76B4D221DF83B1F00B82A44 /* Base */,
			);
			name = LaunchScreen.storyboard;
			sourceTree = "<group>";
		};
/* End PBXVariantGroup section */

/* Begin XCBuildConfiguration section */
		F76B4D251DF83B1F00B82A44 /* Debug */ = {
			isa = XCBuildConfiguration;
			buildSettings = {
				ALWAYS_SEARCH_USER_PATHS = NO;
				CLANG_ANALYZER_NONNULL = YES;
				CLANG_CXX_LANGUAGE_STANDARD = "gnu++0x";
				CLANG_CXX_LIBRARY = "libc++";
				CLANG_ENABLE_MODULES = YES;
				CLANG_ENABLE_OBJC_ARC = YES;
				CLANG_WARN_BOOL_CONVERSION = YES;
				CLANG_WARN_CONSTANT_CONVERSION = YES;
				CLANG_WARN_DIRECT_OBJC_ISA_USAGE = YES_ERROR;
				CLANG_WARN_DOCUMENTATION_COMMENTS = YES;
				CLANG_WARN_EMPTY_BODY = YES;
				CLANG_WARN_ENUM_CONVERSION = YES;
				CLANG_WARN_INFINITE_RECURSION = YES;
				CLANG_WARN_INT_CONVERSION = YES;
				CLANG_WARN_OBJC_ROOT_CLASS = YES_ERROR;
				CLANG_WARN_SUSPICIOUS_MOVES = YES;
				CLANG_WARN_UNREACHABLE_CODE = YES;
				CLANG_WARN__DUPLICATE_METHOD_MATCH = YES;
				"CODE_SIGN_IDENTITY[sdk=iphoneos*]" = "iPhone Developer";
				COPY_PHASE_STRIP = NO;
				DEBUG_INFORMATION_FORMAT = dwarf;
				ENABLE_STRICT_OBJC_MSGSEND = YES;
				ENABLE_TESTABILITY = YES;
				GCC_C_LANGUAGE_STANDARD = gnu99;
				GCC_DYNAMIC_NO_PIC = NO;
				GCC_NO_COMMON_BLOCKS = YES;
				GCC_OPTIMIZATION_LEVEL = 0;
				GCC_PREPROCESSOR_DEFINITIONS = (
					"DEBUG=1",
					"$(inherited)",
				);
				GCC_WARN_64_TO_32_BIT_CONVERSION = YES;
				GCC_WARN_ABOUT_RETURN_TYPE = YES_ERROR;
				GCC_WARN_UNDECLARED_SELECTOR = YES;
				GCC_WARN_UNINITIALIZED_AUTOS = YES_AGGRESSIVE;
				GCC_WARN_UNUSED_FUNCTION = YES;
				GCC_WARN_UNUSED_VARIABLE = YES;
				IPHONEOS_DEPLOYMENT_TARGET = 10.1;
				MTL_ENABLE_DEBUG_INFO = YES;
				ONLY_ACTIVE_ARCH = YES;
				SDKROOT = iphoneos;
				SWIFT_ACTIVE_COMPILATION_CONDITIONS = DEBUG;
				SWIFT_OPTIMIZATION_LEVEL = "-Onone";
				TARGETED_DEVICE_FAMILY = "1,2";
			};
			name = Debug;
		};
		F76B4D261DF83B1F00B82A44 /* Release */ = {
			isa = XCBuildConfiguration;
			buildSettings = {
				ALWAYS_SEARCH_USER_PATHS = NO;
				CLANG_ANALYZER_NONNULL = YES;
				CLANG_CXX_LANGUAGE_STANDARD = "gnu++0x";
				CLANG_CXX_LIBRARY = "libc++";
				CLANG_ENABLE_MODULES = YES;
				CLANG_ENABLE_OBJC_ARC = YES;
				CLANG_WARN_BOOL_CONVERSION = YES;
				CLANG_WARN_CONSTANT_CONVERSION = YES;
				CLANG_WARN_DIRECT_OBJC_ISA_USAGE = YES_ERROR;
				CLANG_WARN_DOCUMENTATION_COMMENTS = YES;
				CLANG_WARN_EMPTY_BODY = YES;
				CLANG_WARN_ENUM_CONVERSION = YES;
				CLANG_WARN_INFINITE_RECURSION = YES;
				CLANG_WARN_INT_CONVERSION = YES;
				CLANG_WARN_OBJC_ROOT_CLASS = YES_ERROR;
				CLANG_WARN_SUSPICIOUS_MOVES = YES;
				CLANG_WARN_UNREACHABLE_CODE = YES;
				CLANG_WARN__DUPLICATE_METHOD_MATCH = YES;
				"CODE_SIGN_IDENTITY[sdk=iphoneos*]" = "iPhone Developer";
				COPY_PHASE_STRIP = NO;
				DEBUG_INFORMATION_FORMAT = "dwarf-with-dsym";
				ENABLE_NS_ASSERTIONS = NO;
				ENABLE_STRICT_OBJC_MSGSEND = YES;
				GCC_C_LANGUAGE_STANDARD = gnu99;
				GCC_NO_COMMON_BLOCKS = YES;
				GCC_WARN_64_TO_32_BIT_CONVERSION = YES;
				GCC_WARN_ABOUT_RETURN_TYPE = YES_ERROR;
				GCC_WARN_UNDECLARED_SELECTOR = YES;
				GCC_WARN_UNINITIALIZED_AUTOS = YES_AGGRESSIVE;
				GCC_WARN_UNUSED_FUNCTION = YES;
				GCC_WARN_UNUSED_VARIABLE = YES;
				IPHONEOS_DEPLOYMENT_TARGET = 10.1;
				MTL_ENABLE_DEBUG_INFO = NO;
				SDKROOT = iphoneos;
				SWIFT_OPTIMIZATION_LEVEL = "-Owholemodule";
				TARGETED_DEVICE_FAMILY = "1,2";
				VALIDATE_PRODUCT = YES;
			};
			name = Release;
		};
		F76B4D281DF83B1F00B82A44 /* Debug */ = {
			isa = XCBuildConfiguration;
			buildSettings = {
				ASSETCATALOG_COMPILER_APPICON_NAME = AppIcon;
				DEVELOPMENT_TEAM = HT9N5JEKMU;
				INFOPLIST_FILE = SwapScreen/Info.plist;
				LD_RUNPATH_SEARCH_PATHS = "$(inherited) @executable_path/Frameworks";
				PRODUCT_BUNDLE_IDENTIFIER = com.SpencerForrest.SwapScreen;
				PRODUCT_NAME = "$(TARGET_NAME)";
				SWIFT_VERSION = 3.0;
			};
			name = Debug;
		};
		F76B4D291DF83B1F00B82A44 /* Release */ = {
			isa = XCBuildConfiguration;
			buildSettings = {
				ASSETCATALOG_COMPILER_APPICON_NAME = AppIcon;
				DEVELOPMENT_TEAM = HT9N5JEKMU;
				INFOPLIST_FILE = SwapScreen/Info.plist;
				LD_RUNPATH_SEARCH_PATHS = "$(inherited) @executable_path/Frameworks";
				PRODUCT_BUNDLE_IDENTIFIER = com.SpencerForrest.SwapScreen;
				PRODUCT_NAME = "$(TARGET_NAME)";
				SWIFT_VERSION = 3.0;
			};
			name = Release;
		};
/* End XCBuildConfiguration section */

/* Begin XCConfigurationList section */
		F76B4D101DF83B1E00B82A44 /* Build configuration list for PBXProject "SwapScreen" */ = {
			isa = XCConfigurationList;
			buildConfigurations = (
				F76B4D251DF83B1F00B82A44 /* Debug */,
				F76B4D261DF83B1F00B82A44 /* Release */,
			);
			defaultConfigurationIsVisible = 0;
			defaultConfigurationName = Release;
		};
		F76B4D271DF83B1F00B82A44 /* Build configuration list for PBXNativeTarget "SwapScreen" */ = {
			isa = XCConfigurationList;
			buildConfigurations = (
				F76B4D281DF83B1F00B82A44 /* Debug */,
				F76B4D291DF83B1F00B82A44 /* Release */,
			);
			defaultConfigurationIsVisible = 0;
			defaultConfigurationName = Release;
		};
/* End XCConfigurationList section */
	};
	rootObject = F76B4D0D1DF83B1E00B82A44 /* Project object */;
}
